
Microsoft Visual Studio Solution File, Format Version 12.00
# Visual Studio Version 17
VisualStudioVersion = 17.5.33424.131
MinimumVisualStudioVersion = 10.0.40219.1
Project("{9A19103F-16F7-4668-BE54-9A1E7A4F7556}") = "LL_SortingAlgorithm", "LL_SortingAlgorithm.csproj", "{7676E886-030E-4E65-BE1B-1E5BD0843CBF}"
EndProject
Project("{FAE04EC0-301F-11D3-BF4B-00C04F79EFBC}") = "Sorting", "..\Sorting\Sorting.csproj", "{B3F53324-41C6-405E-9AA0-3A26A6E80606}"
EndProject
Global
	GlobalSection(SolutionConfigurationPlatforms) = preSolution
		Debug|Any CPU = Debug|Any CPU
		Release|Any CPU = Release|Any CPU
	EndGlobalSection
	GlobalSection(ProjectConfigurationPlatforms) = postSolution
		{7676E886-030E-4E65-BE1B-1E5BD0843CBF}.Debug|Any CPU.ActiveCfg = Debug|Any CPU
		{7676E886-030E-4E65-BE1B-1E5BD0843CBF}.Debug|Any CPU.Build.0 = Debug|Any CPU
		{7676E886-030E-4E65-BE1B-1E5BD0843CBF}.Release|Any CPU.ActiveCfg = Release|Any CPU
		{7676E886-030E-4E65-BE1B-1E5BD0843CBF}.Release|Any CPU.Build.0 = Release|Any CPU
		{B3F53324-41C6-405E-9AA0-3A26A6E80606}.Debug|Any CPU.ActiveCfg = Debug|Any CPU
		{B3F53324-41C6-405E-9AA0-3A26A6E80606}.Debug|Any CPU.Build.0 = Debug|Any CPU
		{B3F53324-41C6-405E-9AA0-3A26A6E80606}.Release|Any CPU.ActiveCfg = Release|Any CPU
		{B3F53324-41C6-405E-9AA0-3A26A6E80606}.Release|Any CPU.Build.0 = Release|Any CPU
	EndGlobalSection
	GlobalSection(SolutionProperties) = preSolution
		HideSolutionNode = FALSE
	EndGlobalSection
	GlobalSection(ExtensibilityGlobals) = postSolution
		SolutionGuid = {6BF37838-8A08-470A-8FE5-8667EC9D30A9}
	EndGlobalSection
EndGlobal
